
Microsoft Visual Studio Solution File, Format Version 12.00
# Visual Studio Version 16
VisualStudioVersion = 16.0.29709.97
MinimumVisualStudioVersion = 10.0.40219.1
Project("{FAE04EC0-301F-11D3-BF4B-00C04F79EFBC}") = "Revision_lab8", "Revision_lab8\Revision_lab8.csproj", "{DFE6CC0E-4589-47FC-A5E2-A37DFFB7D657}"
EndProject
Global
	GlobalSection(SolutionConfigurationPlatforms) = preSolution
		Debug|Any CPU = Debug|Any CPU
		Release|Any CPU = Release|Any CPU
	EndGlobalSection
	GlobalSection(ProjectConfigurationPlatforms) = postSolution
		{DFE6CC0E-4589-47FC-A5E2-A37DFFB7D657}.Debug|Any CPU.ActiveCfg = Debug|Any CPU
		{DFE6CC0E-4589-47FC-A5E2-A37DFFB7D657}.Debug|Any CPU.Build.0 = Debug|Any CPU
		{DFE6CC0E-4589-47FC-A5E2-A37DFFB7D657}.Release|Any CPU.ActiveCfg = Release|Any CPU
		{DFE6CC0E-4589-47FC-A5E2-A37DFFB7D657}.Release|Any CPU.Build.0 = Release|Any CPU
	EndGlobalSection
	GlobalSection(SolutionProperties) = preSolution
		HideSolutionNode = FALSE
	EndGlobalSection
	GlobalSection(ExtensibilityGlobals) = postSolution
		SolutionGuid = {72C499D5-0DC7-40C2-9E3F-55D89634D4C8}
	EndGlobalSection
EndGlobal
